
Microsoft Visual Studio Solution File, Format Version 12.00
# Visual Studio Version 17
VisualStudioVersion = 17.1.32414.318
MinimumVisualStudioVersion = 10.0.40219.1
Project("{FAE04EC0-301F-11D3-BF4B-00C04F79EFBC}") = "Basics_1", "Basics_1\Basics_1.csproj", "{1BDA1E06-835E-4869-80E5-16FA19C7A003}"
EndProject
Project("{2150E333-8FDC-42A3-9474-1A3956D46DE8}") = "Basics", "Basics", "{EFCBF0C6-EAAF-4047-880F-AA534C801E60}"
EndProject
Project("{FAE04EC0-301F-11D3-BF4B-00C04F79EFBC}") = "Basics_3", "Basics_3\Basics_3.csproj", "{EB9C9F1C-B5E8-4FCF-A763-6EF5C41C70C1}"
EndProject
Project("{FAE04EC0-301F-11D3-BF4B-00C04F79EFBC}") = "Basics_4", "Basics_4\Basics_4.csproj", "{63D097AD-5DCE-477F-A1CA-8AED590E273B}"
EndProject
Project("{FAE04EC0-301F-11D3-BF4B-00C04F79EFBC}") = "Basics_5", "Basics_5\Basics_5.csproj", "{67A631CA-273D-44C5-BCBA-6EC106EF46A9}"
EndProject
Project("{FAE04EC0-301F-11D3-BF4B-00C04F79EFBC}") = "Basics_6", "Basics_6\Basics_6.csproj", "{3DE90514-E840-4C7A-8F6E-D8D00AAE4701}"
EndProject
Project("{FAE04EC0-301F-11D3-BF4B-00C04F79EFBC}") = "Basics_7", "Basics_7\Basics_7.csproj", "{6ABF9304-EDB0-45C7-9A72-996010C2224E}"
EndProject
Project("{2150E333-8FDC-42A3-9474-1A3956D46DE8}") = "Operators and cycles", "Operators and cycles", "{C85B9B3B-F57A-4278-9F44-F6AA28DA3B51}"
EndProject
Project("{FAE04EC0-301F-11D3-BF4B-00C04F79EFBC}") = "Operators_and_cycles_1", "Operators_and_cycles_1\Operators_and_cycles_1.csproj", "{3CCABA1F-856E-45FD-AD81-62B2FCCE0180}"
EndProject
Project("{FAE04EC0-301F-11D3-BF4B-00C04F79EFBC}") = "Operators_and_cycles_2", "Operators_and_cycles_2\Operators_and_cycles_2.csproj", "{210F921E-4476-4ED4-BFE1-7D561CBDCECA}"
EndProject
Project("{FAE04EC0-301F-11D3-BF4B-00C04F79EFBC}") = "Operators_and_cycles_3", "Operators_and_cycles_3\Operators_and_cycles_3.csproj", "{447707AF-2501-4163-B1D3-C23CF7FCD3E1}"
EndProject
Project("{FAE04EC0-301F-11D3-BF4B-00C04F79EFBC}") = "Operators_and_cycles_4", "Operators_and_cycles_4\Operators_and_cycles_4.csproj", "{B3ECE615-FC58-4412-97C3-2A7D72DD5E86}"
EndProject
Project("{FAE04EC0-301F-11D3-BF4B-00C04F79EFBC}") = "Operators_and_cycles_5", "Operators_and_cycles_5\Operators_and_cycles_5.csproj", "{83BC6407-6998-4B38-9E82-C3617A0A4F51}"
EndProject
Project("{FAE04EC0-301F-11D3-BF4B-00C04F79EFBC}") = "Operators_and_cycles_6", "Operators_and_cycles_6\Operators_and_cycles_6.csproj", "{08AFAA8F-ECD0-44C4-B773-AEDB398DDD5C}"
EndProject
Project("{FAE04EC0-301F-11D3-BF4B-00C04F79EFBC}") = "Operators_and_cycles_7", "Operators_and_cycles_7\Operators_and_cycles_7.csproj", "{BBAD3A29-7D2C-4BA4-9511-EF1251FA89D3}"
EndProject
Project("{FAE04EC0-301F-11D3-BF4B-00C04F79EFBC}") = "Operators_and_cycles_8", "Operators_and_cycles_8\Operators_and_cycles_8.csproj", "{761EC384-599A-401A-B7A9-B1A035694F70}"
EndProject
Project("{FAE04EC0-301F-11D3-BF4B-00C04F79EFBC}") = "Operators_and_cycles_9", "Operators_and_cycles_9\Operators_and_cycles_9.csproj", "{9AF8DB9A-A67E-409B-9141-0F9EA975C391}"
EndProject
Project("{FAE04EC0-301F-11D3-BF4B-00C04F79EFBC}") = "Operators_and_cycles_10", "Operators_and_cycles_10\Operators_and_cycles_10.csproj", "{44CA3035-0CAE-48DB-9399-A3B937D2A0DA}"
EndProject
Project("{FAE04EC0-301F-11D3-BF4B-00C04F79EFBC}") = "Operators_and_cycles_11", "Operators_and_cycles_11\Operators_and_cycles_11.csproj", "{6BB1AA21-BBE9-4046-BA69-0FF68ECF1B56}"
EndProject
Project("{FAE04EC0-301F-11D3-BF4B-00C04F79EFBC}") = "Operators_and_cycles_12", "Operators_and_cycles_12\Operators_and_cycles_12.csproj", "{1550D133-2057-49EB-8564-1F2DDFBFBCF5}"
EndProject
Project("{2150E333-8FDC-42A3-9474-1A3956D46DE8}") = "Arrays", "Arrays", "{300BBAC0-7EB9-4E2B-814E-3C610E8823ED}"
EndProject
Project("{FAE04EC0-301F-11D3-BF4B-00C04F79EFBC}") = "Arrays_1", "Arrays_1\Arrays_1.csproj", "{A5449E52-201D-4580-A243-BA7697D7E5BD}"
EndProject
Project("{FAE04EC0-301F-11D3-BF4B-00C04F79EFBC}") = "Arrays_2", "Arrays_2\Arrays_2.csproj", "{211A7904-F7EA-4FDC-81D5-9260DE1DBC99}"
EndProject
Project("{FAE04EC0-301F-11D3-BF4B-00C04F79EFBC}") = "Arrays_3", "Arrays_3\Arrays_3.csproj", "{4438FF74-A4BE-4133-B9D8-D5BC5ADBBD16}"
EndProject
Project("{FAE04EC0-301F-11D3-BF4B-00C04F79EFBC}") = "Arrays_4", "Arrays_4\Arrays_4.csproj", "{41D5360E-4D68-4D97-8618-EA7AA49E7C1A}"
EndProject
Project("{FAE04EC0-301F-11D3-BF4B-00C04F79EFBC}") = "Arrays_5", "Arrays_5\Arrays_5.csproj", "{95A7D9D3-68B5-4A50-89EF-9B266E655AFB}"
EndProject
Project("{FAE04EC0-301F-11D3-BF4B-00C04F79EFBC}") = "Arrays_6", "Arrays_6\Arrays_6.csproj", "{64A0B85C-1C73-4E87-A3ED-7F76D0DA6F36}"
EndProject
Project("{FAE04EC0-301F-11D3-BF4B-00C04F79EFBC}") = "Arrays_7", "Arrays_7\Arrays_7.csproj", "{28090B6E-D96A-4111-B7FF-C6A0261B43F5}"
EndProject
Project("{FAE04EC0-301F-11D3-BF4B-00C04F79EFBC}") = "Arrays_8", "Arrays_8\Arrays_8.csproj", "{9C4E23E8-152B-4BF2-8A97-3915D047DDD7}"
EndProject
Project("{2150E333-8FDC-42A3-9474-1A3956D46DE8}") = "Functions", "Functions", "{1561A99A-521A-41DA-B81D-C2DEA7A40C03}"
EndProject
Project("{FAE04EC0-301F-11D3-BF4B-00C04F79EFBC}") = "Functions_1", "Functions_1\Functions_1.csproj", "{E20AC0EC-01C9-4D6E-90F0-43A293635458}"
EndProject
Project("{FAE04EC0-301F-11D3-BF4B-00C04F79EFBC}") = "Functions_2", "Functions_2\Functions_2.csproj", "{BBD13A99-8A8C-4B3F-9E81-636685C986E7}"
EndProject
Project("{FAE04EC0-301F-11D3-BF4B-00C04F79EFBC}") = "Functions_3", "Functions_3\Functions_3.csproj", "{5BDB71D8-5F0E-4D85-9508-41376B3948B5}"
EndProject
Project("{FAE04EC0-301F-11D3-BF4B-00C04F79EFBC}") = "Functions_4", "Functions_4\Functions_4.csproj", "{26345E12-86F8-487D-8B53-DCFA07368401}"
EndProject
Project("{FAE04EC0-301F-11D3-BF4B-00C04F79EFBC}") = "Functions_5", "Functions_5\Functions_5.csproj", "{C25A10EB-05EA-4584-9294-A4708DA3ECD1}"
EndProject
Project("{2150E333-8FDC-42A3-9474-1A3956D46DE8}") = "Collections", "Collections", "{FBDE2CBD-2EE1-4179-9D94-32C9DD6B4775}"
EndProject
Project("{FAE04EC0-301F-11D3-BF4B-00C04F79EFBC}") = "Collections_1", "Collections_1\Collections_1.csproj", "{C8144F08-52DD-4570-92E5-F08F08D85B49}"
EndProject
Project("{FAE04EC0-301F-11D3-BF4B-00C04F79EFBC}") = "Collections_2", "Collections_2\Collections_2.csproj", "{84172416-8F8F-4E1D-9B90-B7D1E87363CA}"
EndProject
Project("{FAE04EC0-301F-11D3-BF4B-00C04F79EFBC}") = "Collections_3", "Collections_3\Collections_3.csproj", "{C7F68FE1-70AD-4122-AB8D-0E502F4A34F3}"
EndProject
Project("{FAE04EC0-301F-11D3-BF4B-00C04F79EFBC}") = "Collections_4", "Collections_4\Collections_4.csproj", "{99F58E02-D835-477F-82EA-A1E1BEF2300D}"
EndProject
Project("{FAE04EC0-301F-11D3-BF4B-00C04F79EFBC}") = "Collections_5", "Collections_5\Collections_5.csproj", "{A9073D00-7D53-4794-9798-83096AD435E6}"
EndProject
Project("{2150E333-8FDC-42A3-9474-1A3956D46DE8}") = "OOP", "OOP", "{2EEA9804-0A7D-4372-B0BE-0BAA997CE913}"
EndProject
Project("{FAE04EC0-301F-11D3-BF4B-00C04F79EFBC}") = "OOP_1", "OOP_1\OOP_1.csproj", "{B952C568-556F-4AF8-9E04-831B97389302}"
EndProject
Project("{FAE04EC0-301F-11D3-BF4B-00C04F79EFBC}") = "OOP_2", "OOP_2\OOP_2.csproj", "{A882E5EC-9CDB-46BC-9376-DC55DEDCC821}"
EndProject
Project("{FAE04EC0-301F-11D3-BF4B-00C04F79EFBC}") = "OOP_3", "OOP_3\OOP_3.csproj", "{8C84FEFD-0090-4548-9B9E-58B07BF2EAEB}"
EndProject
Project("{FAE04EC0-301F-11D3-BF4B-00C04F79EFBC}") = "OOP_4", "OOP_4\OOP_4.csproj", "{7257843C-2AF6-40F8-A3D7-6AEAC77F3D93}"
EndProject
Project("{FAE04EC0-301F-11D3-BF4B-00C04F79EFBC}") = "OOP_5", "OOP_5\OOP_5.csproj", "{85ADD151-4903-4ADB-9168-3066F9D04B82}"
EndProject
Project("{FAE04EC0-301F-11D3-BF4B-00C04F79EFBC}") = "OOP_6", "OOP_6\OOP_6.csproj", "{94736593-E142-4955-8B04-6BB05A64D2B9}"
EndProject
Project("{FAE04EC0-301F-11D3-BF4B-00C04F79EFBC}") = "OOP_7", "OOP_7\OOP_7.csproj", "{1F2C1228-BEE1-4587-B0C9-2FA987D30706}"
EndProject
Project("{FAE04EC0-301F-11D3-BF4B-00C04F79EFBC}") = "OOP_8", "OOP_8\OOP_8.csproj", "{FB7AE445-AD49-4A26-8521-1C9FF4FB5824}"
EndProject
Project("{FAE04EC0-301F-11D3-BF4B-00C04F79EFBC}") = "OOP_9", "OOP_9\OOP_9.csproj", "{505E7C78-4244-494E-A984-DF247899ED89}"
EndProject
Project("{FAE04EC0-301F-11D3-BF4B-00C04F79EFBC}") = "OOP_10", "OOP_10\OOP_10.csproj", "{D3CECB42-494E-4AC8-BB1B-C5498F902D6A}"
EndProject
Project("{FAE04EC0-301F-11D3-BF4B-00C04F79EFBC}") = "OOP_11", "OOP_11\OOP_11.csproj", "{1E37C7FA-B144-48D0-88CC-4415442FA743}"
EndProject
Project("{FAE04EC0-301F-11D3-BF4B-00C04F79EFBC}") = "OOP_12", "OOP_12\OOP_12.csproj", "{9AAC911A-1912-4361-B814-3494ED8006AD}"
EndProject
Project("{FAE04EC0-301F-11D3-BF4B-00C04F79EFBC}") = "OOP_13", "OOP_13\OOP_13.csproj", "{B18ADD8B-5860-4F92-A5C6-39C8354F6118}"
EndProject
Project("{2150E333-8FDC-42A3-9474-1A3956D46DE8}") = "LINQ", "LINQ", "{1BBEDE4B-1ED4-4686-BBCF-5C11DCC93212}"
EndProject
Project("{FAE04EC0-301F-11D3-BF4B-00C04F79EFBC}") = "LINQ_1", "LINQ_1\LINQ_1.csproj", "{FCC534C9-B504-4164-8306-EE363F8AF957}"
EndProject
Project("{FAE04EC0-301F-11D3-BF4B-00C04F79EFBC}") = "LINQ_2", "LINQ_2\LINQ_2.csproj", "{D15B9EF7-DAC2-4993-84DD-FAF1ECEFF09B}"
EndProject
Project("{FAE04EC0-301F-11D3-BF4B-00C04F79EFBC}") = "LINQ_3", "LINQ_3\LINQ_3.csproj", "{E48F1F9C-27DE-45BC-A57A-DC3F1AD21185}"
EndProject
Project("{FAE04EC0-301F-11D3-BF4B-00C04F79EFBC}") = "LINQ_4", "LINQ_4\LINQ_4.csproj", "{C0D14609-2CED-42AE-9499-32D9C15B4F23}"
EndProject
Project("{FAE04EC0-301F-11D3-BF4B-00C04F79EFBC}") = "LINQ_5", "LINQ_5\LINQ_5.csproj", "{AF2D908A-4B8D-4308-94B9-AB855D52B9FE}"
EndProject
Project("{FAE04EC0-301F-11D3-BF4B-00C04F79EFBC}") = "LINQ_6", "LINQ_6\LINQ_6.csproj", "{2AC6DD82-0B29-4010-9391-E43EE3406E93}"
EndProject
Project("{FAE04EC0-301F-11D3-BF4B-00C04F79EFBC}") = "LINQ_7", "LINQ_7\LINQ_7.csproj", "{5C836E68-3487-4815-B689-CF49E2DA93B4}"
EndProject
Global
	GlobalSection(SolutionConfigurationPlatforms) = preSolution
		Debug|Any CPU = Debug|Any CPU
		Release|Any CPU = Release|Any CPU
	EndGlobalSection
	GlobalSection(ProjectConfigurationPlatforms) = postSolution
		{1BDA1E06-835E-4869-80E5-16FA19C7A003}.Debug|Any CPU.ActiveCfg = Debug|Any CPU
		{1BDA1E06-835E-4869-80E5-16FA19C7A003}.Debug|Any CPU.Build.0 = Debug|Any CPU
		{1BDA1E06-835E-4869-80E5-16FA19C7A003}.Release|Any CPU.ActiveCfg = Release|Any CPU
		{1BDA1E06-835E-4869-80E5-16FA19C7A003}.Release|Any CPU.Build.0 = Release|Any CPU
		{EB9C9F1C-B5E8-4FCF-A763-6EF5C41C70C1}.Debug|Any CPU.ActiveCfg = Debug|Any CPU
		{EB9C9F1C-B5E8-4FCF-A763-6EF5C41C70C1}.Debug|Any CPU.Build.0 = Debug|Any CPU
		{EB9C9F1C-B5E8-4FCF-A763-6EF5C41C70C1}.Release|Any CPU.ActiveCfg = Release|Any CPU
		{EB9C9F1C-B5E8-4FCF-A763-6EF5C41C70C1}.Release|Any CPU.Build.0 = Release|Any CPU
		{63D097AD-5DCE-477F-A1CA-8AED590E273B}.Debug|Any CPU.ActiveCfg = Debug|Any CPU
		{63D097AD-5DCE-477F-A1CA-8AED590E273B}.Debug|Any CPU.Build.0 = Debug|Any CPU
		{63D097AD-5DCE-477F-A1CA-8AED590E273B}.Release|Any CPU.ActiveCfg = Release|Any CPU
		{63D097AD-5DCE-477F-A1CA-8AED590E273B}.Release|Any CPU.Build.0 = Release|Any CPU
		{67A631CA-273D-44C5-BCBA-6EC106EF46A9}.Debug|Any CPU.ActiveCfg = Debug|Any CPU
		{67A631CA-273D-44C5-BCBA-6EC106EF46A9}.Debug|Any CPU.Build.0 = Debug|Any CPU
		{67A631CA-273D-44C5-BCBA-6EC106EF46A9}.Release|Any CPU.ActiveCfg = Release|Any CPU
		{67A631CA-273D-44C5-BCBA-6EC106EF46A9}.Release|Any CPU.Build.0 = Release|Any CPU
		{3DE90514-E840-4C7A-8F6E-D8D00AAE4701}.Debug|Any CPU.ActiveCfg = Debug|Any CPU
		{3DE90514-E840-4C7A-8F6E-D8D00AAE4701}.Debug|Any CPU.Build.0 = Debug|Any CPU
		{3DE90514-E840-4C7A-8F6E-D8D00AAE4701}.Release|Any CPU.ActiveCfg = Release|Any CPU
		{3DE90514-E840-4C7A-8F6E-D8D00AAE4701}.Release|Any CPU.Build.0 = Release|Any CPU
		{6ABF9304-EDB0-45C7-9A72-996010C2224E}.Debug|Any CPU.ActiveCfg = Debug|Any CPU
		{6ABF9304-EDB0-45C7-9A72-996010C2224E}.Debug|Any CPU.Build.0 = Debug|Any CPU
		{6ABF9304-EDB0-45C7-9A72-996010C2224E}.Release|Any CPU.ActiveCfg = Release|Any CPU
		{6ABF9304-EDB0-45C7-9A72-996010C2224E}.Release|Any CPU.Build.0 = Release|Any CPU
		{3CCABA1F-856E-45FD-AD81-62B2FCCE0180}.Debug|Any CPU.ActiveCfg = Debug|Any CPU
		{3CCABA1F-856E-45FD-AD81-62B2FCCE0180}.Debug|Any CPU.Build.0 = Debug|Any CPU
		{3CCABA1F-856E-45FD-AD81-62B2FCCE0180}.Release|Any CPU.ActiveCfg = Release|Any CPU
		{3CCABA1F-856E-45FD-AD81-62B2FCCE0180}.Release|Any CPU.Build.0 = Release|Any CPU
		{210F921E-4476-4ED4-BFE1-7D561CBDCECA}.Debug|Any CPU.ActiveCfg = Debug|Any CPU
		{210F921E-4476-4ED4-BFE1-7D561CBDCECA}.Debug|Any CPU.Build.0 = Debug|Any CPU
		{210F921E-4476-4ED4-BFE1-7D561CBDCECA}.Release|Any CPU.ActiveCfg = Release|Any CPU
		{210F921E-4476-4ED4-BFE1-7D561CBDCECA}.Release|Any CPU.Build.0 = Release|Any CPU
		{447707AF-2501-4163-B1D3-C23CF7FCD3E1}.Debug|Any CPU.ActiveCfg = Debug|Any CPU
		{447707AF-2501-4163-B1D3-C23CF7FCD3E1}.Debug|Any CPU.Build.0 = Debug|Any CPU
		{447707AF-2501-4163-B1D3-C23CF7FCD3E1}.Release|Any CPU.ActiveCfg = Release|Any CPU
		{447707AF-2501-4163-B1D3-C23CF7FCD3E1}.Release|Any CPU.Build.0 = Release|Any CPU
		{B3ECE615-FC58-4412-97C3-2A7D72DD5E86}.Debug|Any CPU.ActiveCfg = Debug|Any CPU
		{B3ECE615-FC58-4412-97C3-2A7D72DD5E86}.Debug|Any CPU.Build.0 = Debug|Any CPU
		{B3ECE615-FC58-4412-97C3-2A7D72DD5E86}.Release|Any CPU.ActiveCfg = Release|Any CPU
		{B3ECE615-FC58-4412-97C3-2A7D72DD5E86}.Release|Any CPU.Build.0 = Release|Any CPU
		{83BC6407-6998-4B38-9E82-C3617A0A4F51}.Debug|Any CPU.ActiveCfg = Debug|Any CPU
		{83BC6407-6998-4B38-9E82-C3617A0A4F51}.Debug|Any CPU.Build.0 = Debug|Any CPU
		{83BC6407-6998-4B38-9E82-C3617A0A4F51}.Release|Any CPU.ActiveCfg = Release|Any CPU
		{83BC6407-6998-4B38-9E82-C3617A0A4F51}.Release|Any CPU.Build.0 = Release|Any CPU
		{08AFAA8F-ECD0-44C4-B773-AEDB398DDD5C}.Debug|Any CPU.ActiveCfg = Debug|Any CPU
		{08AFAA8F-ECD0-44C4-B773-AEDB398DDD5C}.Debug|Any CPU.Build.0 = Debug|Any CPU
		{08AFAA8F-ECD0-44C4-B773-AEDB398DDD5C}.Release|Any CPU.ActiveCfg = Release|Any CPU
		{08AFAA8F-ECD0-44C4-B773-AEDB398DDD5C}.Release|Any CPU.Build.0 = Release|Any CPU
		{BBAD3A29-7D2C-4BA4-9511-EF1251FA89D3}.Debug|Any CPU.ActiveCfg = Debug|Any CPU
		{BBAD3A29-7D2C-4BA4-9511-EF1251FA89D3}.Debug|Any CPU.Build.0 = Debug|Any CPU
		{BBAD3A29-7D2C-4BA4-9511-EF1251FA89D3}.Release|Any CPU.ActiveCfg = Release|Any CPU
		{BBAD3A29-7D2C-4BA4-9511-EF1251FA89D3}.Release|Any CPU.Build.0 = Release|Any CPU
		{761EC384-599A-401A-B7A9-B1A035694F70}.Debug|Any CPU.ActiveCfg = Debug|Any CPU
		{761EC384-599A-401A-B7A9-B1A035694F70}.Debug|Any CPU.Build.0 = Debug|Any CPU
		{761EC384-599A-401A-B7A9-B1A035694F70}.Release|Any CPU.ActiveCfg = Release|Any CPU
		{761EC384-599A-401A-B7A9-B1A035694F70}.Release|Any CPU.Build.0 = Release|Any CPU
		{9AF8DB9A-A67E-409B-9141-0F9EA975C391}.Debug|Any CPU.ActiveCfg = Debug|Any CPU
		{9AF8DB9A-A67E-409B-9141-0F9EA975C391}.Debug|Any CPU.Build.0 = Debug|Any CPU
		{9AF8DB9A-A67E-409B-9141-0F9EA975C391}.Release|Any CPU.ActiveCfg = Release|Any CPU
		{9AF8DB9A-A67E-409B-9141-0F9EA975C391}.Release|Any CPU.Build.0 = Release|Any CPU
		{44CA3035-0CAE-48DB-9399-A3B937D2A0DA}.Debug|Any CPU.ActiveCfg = Debug|Any CPU
		{44CA3035-0CAE-48DB-9399-A3B937D2A0DA}.Debug|Any CPU.Build.0 = Debug|Any CPU
		{44CA3035-0CAE-48DB-9399-A3B937D2A0DA}.Release|Any CPU.ActiveCfg = Release|Any CPU
		{44CA3035-0CAE-48DB-9399-A3B937D2A0DA}.Release|Any CPU.Build.0 = Release|Any CPU
		{6BB1AA21-BBE9-4046-BA69-0FF68ECF1B56}.Debug|Any CPU.ActiveCfg = Debug|Any CPU
		{6BB1AA21-BBE9-4046-BA69-0FF68ECF1B56}.Debug|Any CPU.Build.0 = Debug|Any CPU
		{6BB1AA21-BBE9-4046-BA69-0FF68ECF1B56}.Release|Any CPU.ActiveCfg = Release|Any CPU
		{6BB1AA21-BBE9-4046-BA69-0FF68ECF1B56}.Release|Any CPU.Build.0 = Release|Any CPU
		{1550D133-2057-49EB-8564-1F2DDFBFBCF5}.Debug|Any CPU.ActiveCfg = Debug|Any CPU
		{1550D133-2057-49EB-8564-1F2DDFBFBCF5}.Debug|Any CPU.Build.0 = Debug|Any CPU
		{1550D133-2057-49EB-8564-1F2DDFBFBCF5}.Release|Any CPU.ActiveCfg = Release|Any CPU
		{1550D133-2057-49EB-8564-1F2DDFBFBCF5}.Release|Any CPU.Build.0 = Release|Any CPU
		{A5449E52-201D-4580-A243-BA7697D7E5BD}.Debug|Any CPU.ActiveCfg = Debug|Any CPU
		{A5449E52-201D-4580-A243-BA7697D7E5BD}.Debug|Any CPU.Build.0 = Debug|Any CPU
		{A5449E52-201D-4580-A243-BA7697D7E5BD}.Release|Any CPU.ActiveCfg = Release|Any CPU
		{A5449E52-201D-4580-A243-BA7697D7E5BD}.Release|Any CPU.Build.0 = Release|Any CPU
		{211A7904-F7EA-4FDC-81D5-9260DE1DBC99}.Debug|Any CPU.ActiveCfg = Debug|Any CPU
		{211A7904-F7EA-4FDC-81D5-9260DE1DBC99}.Debug|Any CPU.Build.0 = Debug|Any CPU
		{211A7904-F7EA-4FDC-81D5-9260DE1DBC99}.Release|Any CPU.ActiveCfg = Release|Any CPU
		{211A7904-F7EA-4FDC-81D5-9260DE1DBC99}.Release|Any CPU.Build.0 = Release|Any CPU
		{4438FF74-A4BE-4133-B9D8-D5BC5ADBBD16}.Debug|Any CPU.ActiveCfg = Debug|Any CPU
		{4438FF74-A4BE-4133-B9D8-D5BC5ADBBD16}.Debug|Any CPU.Build.0 = Debug|Any CPU
		{4438FF74-A4BE-4133-B9D8-D5BC5ADBBD16}.Release|Any CPU.ActiveCfg = Release|Any CPU
		{4438FF74-A4BE-4133-B9D8-D5BC5ADBBD16}.Release|Any CPU.Build.0 = Release|Any CPU
		{41D5360E-4D68-4D97-8618-EA7AA49E7C1A}.Debug|Any CPU.ActiveCfg = Debug|Any CPU
		{41D5360E-4D68-4D97-8618-EA7AA49E7C1A}.Debug|Any CPU.Build.0 = Debug|Any CPU
		{41D5360E-4D68-4D97-8618-EA7AA49E7C1A}.Release|Any CPU.ActiveCfg = Release|Any CPU
		{41D5360E-4D68-4D97-8618-EA7AA49E7C1A}.Release|Any CPU.Build.0 = Release|Any CPU
		{95A7D9D3-68B5-4A50-89EF-9B266E655AFB}.Debug|Any CPU.ActiveCfg = Debug|Any CPU
		{95A7D9D3-68B5-4A50-89EF-9B266E655AFB}.Debug|Any CPU.Build.0 = Debug|Any CPU
		{95A7D9D3-68B5-4A50-89EF-9B266E655AFB}.Release|Any CPU.ActiveCfg = Release|Any CPU
		{95A7D9D3-68B5-4A50-89EF-9B266E655AFB}.Release|Any CPU.Build.0 = Release|Any CPU
		{64A0B85C-1C73-4E87-A3ED-7F76D0DA6F36}.Debug|Any CPU.ActiveCfg = Debug|Any CPU
		{64A0B85C-1C73-4E87-A3ED-7F76D0DA6F36}.Debug|Any CPU.Build.0 = Debug|Any CPU
		{64A0B85C-1C73-4E87-A3ED-7F76D0DA6F36}.Release|Any CPU.ActiveCfg = Release|Any CPU
		{64A0B85C-1C73-4E87-A3ED-7F76D0DA6F36}.Release|Any CPU.Build.0 = Release|Any CPU
		{28090B6E-D96A-4111-B7FF-C6A0261B43F5}.Debug|Any CPU.ActiveCfg = Debug|Any CPU
		{28090B6E-D96A-4111-B7FF-C6A0261B43F5}.Debug|Any CPU.Build.0 = Debug|Any CPU
		{28090B6E-D96A-4111-B7FF-C6A0261B43F5}.Release|Any CPU.ActiveCfg = Release|Any CPU
		{28090B6E-D96A-4111-B7FF-C6A0261B43F5}.Release|Any CPU.Build.0 = Release|Any CPU
		{9C4E23E8-152B-4BF2-8A97-3915D047DDD7}.Debug|Any CPU.ActiveCfg = Debug|Any CPU
		{9C4E23E8-152B-4BF2-8A97-3915D047DDD7}.Debug|Any CPU.Build.0 = Debug|Any CPU
		{9C4E23E8-152B-4BF2-8A97-3915D047DDD7}.Release|Any CPU.ActiveCfg = Release|Any CPU
		{9C4E23E8-152B-4BF2-8A97-3915D047DDD7}.Release|Any CPU.Build.0 = Release|Any CPU
		{E20AC0EC-01C9-4D6E-90F0-43A293635458}.Debug|Any CPU.ActiveCfg = Debug|Any CPU
		{E20AC0EC-01C9-4D6E-90F0-43A293635458}.Debug|Any CPU.Build.0 = Debug|Any CPU
		{E20AC0EC-01C9-4D6E-90F0-43A293635458}.Release|Any CPU.ActiveCfg = Release|Any CPU
		{E20AC0EC-01C9-4D6E-90F0-43A293635458}.Release|Any CPU.Build.0 = Release|Any CPU
		{BBD13A99-8A8C-4B3F-9E81-636685C986E7}.Debug|Any CPU.ActiveCfg = Debug|Any CPU
		{BBD13A99-8A8C-4B3F-9E81-636685C986E7}.Debug|Any CPU.Build.0 = Debug|Any CPU
		{BBD13A99-8A8C-4B3F-9E81-636685C986E7}.Release|Any CPU.ActiveCfg = Release|Any CPU
		{BBD13A99-8A8C-4B3F-9E81-636685C986E7}.Release|Any CPU.Build.0 = Release|Any CPU
		{5BDB71D8-5F0E-4D85-9508-41376B3948B5}.Debug|Any CPU.ActiveCfg = Debug|Any CPU
		{5BDB71D8-5F0E-4D85-9508-41376B3948B5}.Debug|Any CPU.Build.0 = Debug|Any CPU
		{5BDB71D8-5F0E-4D85-9508-41376B3948B5}.Release|Any CPU.ActiveCfg = Release|Any CPU
		{5BDB71D8-5F0E-4D85-9508-41376B3948B5}.Release|Any CPU.Build.0 = Release|Any CPU
		{26345E12-86F8-487D-8B53-DCFA07368401}.Debug|Any CPU.ActiveCfg = Debug|Any CPU
		{26345E12-86F8-487D-8B53-DCFA07368401}.Debug|Any CPU.Build.0 = Debug|Any CPU
		{26345E12-86F8-487D-8B53-DCFA07368401}.Release|Any CPU.ActiveCfg = Release|Any CPU
		{26345E12-86F8-487D-8B53-DCFA07368401}.Release|Any CPU.Build.0 = Release|Any CPU
		{C25A10EB-05EA-4584-9294-A4708DA3ECD1}.Debug|Any CPU.ActiveCfg = Debug|Any CPU
		{C25A10EB-05EA-4584-9294-A4708DA3ECD1}.Debug|Any CPU.Build.0 = Debug|Any CPU
		{C25A10EB-05EA-4584-9294-A4708DA3ECD1}.Release|Any CPU.ActiveCfg = Release|Any CPU
		{C25A10EB-05EA-4584-9294-A4708DA3ECD1}.Release|Any CPU.Build.0 = Release|Any CPU
		{C8144F08-52DD-4570-92E5-F08F08D85B49}.Debug|Any CPU.ActiveCfg = Debug|Any CPU
		{C8144F08-52DD-4570-92E5-F08F08D85B49}.Debug|Any CPU.Build.0 = Debug|Any CPU
		{C8144F08-52DD-4570-92E5-F08F08D85B49}.Release|Any CPU.ActiveCfg = Release|Any CPU
		{C8144F08-52DD-4570-92E5-F08F08D85B49}.Release|Any CPU.Build.0 = Release|Any CPU
		{84172416-8F8F-4E1D-9B90-B7D1E87363CA}.Debug|Any CPU.ActiveCfg = Debug|Any CPU
		{84172416-8F8F-4E1D-9B90-B7D1E87363CA}.Debug|Any CPU.Build.0 = Debug|Any CPU
		{84172416-8F8F-4E1D-9B90-B7D1E87363CA}.Release|Any CPU.ActiveCfg = Release|Any CPU
		{84172416-8F8F-4E1D-9B90-B7D1E87363CA}.Release|Any CPU.Build.0 = Release|Any CPU
		{C7F68FE1-70AD-4122-AB8D-0E502F4A34F3}.Debug|Any CPU.ActiveCfg = Debug|Any CPU
		{C7F68FE1-70AD-4122-AB8D-0E502F4A34F3}.Debug|Any CPU.Build.0 = Debug|Any CPU
		{C7F68FE1-70AD-4122-AB8D-0E502F4A34F3}.Release|Any CPU.ActiveCfg = Release|Any CPU
		{C7F68FE1-70AD-4122-AB8D-0E502F4A34F3}.Release|Any CPU.Build.0 = Release|Any CPU
		{99F58E02-D835-477F-82EA-A1E1BEF2300D}.Debug|Any CPU.ActiveCfg = Debug|Any CPU
		{99F58E02-D835-477F-82EA-A1E1BEF2300D}.Debug|Any CPU.Build.0 = Debug|Any CPU
		{99F58E02-D835-477F-82EA-A1E1BEF2300D}.Release|Any CPU.ActiveCfg = Release|Any CPU
		{99F58E02-D835-477F-82EA-A1E1BEF2300D}.Release|Any CPU.Build.0 = Release|Any CPU
		{A9073D00-7D53-4794-9798-83096AD435E6}.Debug|Any CPU.ActiveCfg = Debug|Any CPU
		{A9073D00-7D53-4794-9798-83096AD435E6}.Debug|Any CPU.Build.0 = Debug|Any CPU
		{A9073D00-7D53-4794-9798-83096AD435E6}.Release|Any CPU.ActiveCfg = Release|Any CPU
		{A9073D00-7D53-4794-9798-83096AD435E6}.Release|Any CPU.Build.0 = Release|Any CPU
		{B952C568-556F-4AF8-9E04-831B97389302}.Debug|Any CPU.ActiveCfg = Debug|Any CPU
		{B952C568-556F-4AF8-9E04-831B97389302}.Debug|Any CPU.Build.0 = Debug|Any CPU
		{B952C568-556F-4AF8-9E04-831B97389302}.Release|Any CPU.ActiveCfg = Release|Any CPU
		{B952C568-556F-4AF8-9E04-831B97389302}.Release|Any CPU.Build.0 = Release|Any CPU
		{A882E5EC-9CDB-46BC-9376-DC55DEDCC821}.Debug|Any CPU.ActiveCfg = Debug|Any CPU
		{A882E5EC-9CDB-46BC-9376-DC55DEDCC821}.Debug|Any CPU.Build.0 = Debug|Any CPU
		{A882E5EC-9CDB-46BC-9376-DC55DEDCC821}.Release|Any CPU.ActiveCfg = Release|Any CPU
		{A882E5EC-9CDB-46BC-9376-DC55DEDCC821}.Release|Any CPU.Build.0 = Release|Any CPU
		{8C84FEFD-0090-4548-9B9E-58B07BF2EAEB}.Debug|Any CPU.ActiveCfg = Debug|Any CPU
		{8C84FEFD-0090-4548-9B9E-58B07BF2EAEB}.Debug|Any CPU.Build.0 = Debug|Any CPU
		{8C84FEFD-0090-4548-9B9E-58B07BF2EAEB}.Release|Any CPU.ActiveCfg = Release|Any CPU
		{8C84FEFD-0090-4548-9B9E-58B07BF2EAEB}.Release|Any CPU.Build.0 = Release|Any CPU
		{7257843C-2AF6-40F8-A3D7-6AEAC77F3D93}.Debug|Any CPU.ActiveCfg = Debug|Any CPU
		{7257843C-2AF6-40F8-A3D7-6AEAC77F3D93}.Debug|Any CPU.Build.0 = Debug|Any CPU
		{7257843C-2AF6-40F8-A3D7-6AEAC77F3D93}.Release|Any CPU.ActiveCfg = Release|Any CPU
		{7257843C-2AF6-40F8-A3D7-6AEAC77F3D93}.Release|Any CPU.Build.0 = Release|Any CPU
		{85ADD151-4903-4ADB-9168-3066F9D04B82}.Debug|Any CPU.ActiveCfg = Debug|Any CPU
		{85ADD151-4903-4ADB-9168-3066F9D04B82}.Debug|Any CPU.Build.0 = Debug|Any CPU
		{85ADD151-4903-4ADB-9168-3066F9D04B82}.Release|Any CPU.ActiveCfg = Release|Any CPU
		{85ADD151-4903-4ADB-9168-3066F9D04B82}.Release|Any CPU.Build.0 = Release|Any CPU
		{94736593-E142-4955-8B04-6BB05A64D2B9}.Debug|Any CPU.ActiveCfg = Debug|Any CPU
		{94736593-E142-4955-8B04-6BB05A64D2B9}.Debug|Any CPU.Build.0 = Debug|Any CPU
		{94736593-E142-4955-8B04-6BB05A64D2B9}.Release|Any CPU.ActiveCfg = Release|Any CPU
		{94736593-E142-4955-8B04-6BB05A64D2B9}.Release|Any CPU.Build.0 = Release|Any CPU
		{1F2C1228-BEE1-4587-B0C9-2FA987D30706}.Debug|Any CPU.ActiveCfg = Debug|Any CPU
		{1F2C1228-BEE1-4587-B0C9-2FA987D30706}.Debug|Any CPU.Build.0 = Debug|Any CPU
		{1F2C1228-BEE1-4587-B0C9-2FA987D30706}.Release|Any CPU.ActiveCfg = Release|Any CPU
		{1F2C1228-BEE1-4587-B0C9-2FA987D30706}.Release|Any CPU.Build.0 = Release|Any CPU
		{FB7AE445-AD49-4A26-8521-1C9FF4FB5824}.Debug|Any CPU.ActiveCfg = Debug|Any CPU
		{FB7AE445-AD49-4A26-8521-1C9FF4FB5824}.Debug|Any CPU.Build.0 = Debug|Any CPU
		{FB7AE445-AD49-4A26-8521-1C9FF4FB5824}.Release|Any CPU.ActiveCfg = Release|Any CPU
		{FB7AE445-AD49-4A26-8521-1C9FF4FB5824}.Release|Any CPU.Build.0 = Release|Any CPU
		{505E7C78-4244-494E-A984-DF247899ED89}.Debug|Any CPU.ActiveCfg = Debug|Any CPU
		{505E7C78-4244-494E-A984-DF247899ED89}.Debug|Any CPU.Build.0 = Debug|Any CPU
		{505E7C78-4244-494E-A984-DF247899ED89}.Release|Any CPU.ActiveCfg = Release|Any CPU
		{505E7C78-4244-494E-A984-DF247899ED89}.Release|Any CPU.Build.0 = Release|Any CPU
		{D3CECB42-494E-4AC8-BB1B-C5498F902D6A}.Debug|Any CPU.ActiveCfg = Debug|Any CPU
		{D3CECB42-494E-4AC8-BB1B-C5498F902D6A}.Debug|Any CPU.Build.0 = Debug|Any CPU
		{D3CECB42-494E-4AC8-BB1B-C5498F902D6A}.Release|Any CPU.ActiveCfg = Release|Any CPU
		{D3CECB42-494E-4AC8-BB1B-C5498F902D6A}.Release|Any CPU.Build.0 = Release|Any CPU
		{1E37C7FA-B144-48D0-88CC-4415442FA743}.Debug|Any CPU.ActiveCfg = Debug|Any CPU
		{1E37C7FA-B144-48D0-88CC-4415442FA743}.Debug|Any CPU.Build.0 = Debug|Any CPU
		{1E37C7FA-B144-48D0-88CC-4415442FA743}.Release|Any CPU.ActiveCfg = Release|Any CPU
		{1E37C7FA-B144-48D0-88CC-4415442FA743}.Release|Any CPU.Build.0 = Release|Any CPU
		{9AAC911A-1912-4361-B814-3494ED8006AD}.Debug|Any CPU.ActiveCfg = Debug|Any CPU
		{9AAC911A-1912-4361-B814-3494ED8006AD}.Debug|Any CPU.Build.0 = Debug|Any CPU
		{9AAC911A-1912-4361-B814-3494ED8006AD}.Release|Any CPU.ActiveCfg = Release|Any CPU
		{9AAC911A-1912-4361-B814-3494ED8006AD}.Release|Any CPU.Build.0 = Release|Any CPU
		{B18ADD8B-5860-4F92-A5C6-39C8354F6118}.Debug|Any CPU.ActiveCfg = Debug|Any CPU
		{B18ADD8B-5860-4F92-A5C6-39C8354F6118}.Debug|Any CPU.Build.0 = Debug|Any CPU
		{B18ADD8B-5860-4F92-A5C6-39C8354F6118}.Release|Any CPU.ActiveCfg = Release|Any CPU
		{B18ADD8B-5860-4F92-A5C6-39C8354F6118}.Release|Any CPU.Build.0 = Release|Any CPU
		{FCC534C9-B504-4164-8306-EE363F8AF957}.Debug|Any CPU.ActiveCfg = Debug|Any CPU
		{FCC534C9-B504-4164-8306-EE363F8AF957}.Debug|Any CPU.Build.0 = Debug|Any CPU
		{FCC534C9-B504-4164-8306-EE363F8AF957}.Release|Any CPU.ActiveCfg = Release|Any CPU
		{FCC534C9-B504-4164-8306-EE363F8AF957}.Release|Any CPU.Build.0 = Release|Any CPU
		{D15B9EF7-DAC2-4993-84DD-FAF1ECEFF09B}.Debug|Any CPU.ActiveCfg = Debug|Any CPU
		{D15B9EF7-DAC2-4993-84DD-FAF1ECEFF09B}.Debug|Any CPU.Build.0 = Debug|Any CPU
		{D15B9EF7-DAC2-4993-84DD-FAF1ECEFF09B}.Release|Any CPU.ActiveCfg = Release|Any CPU
		{D15B9EF7-DAC2-4993-84DD-FAF1ECEFF09B}.Release|Any CPU.Build.0 = Release|Any CPU
		{E48F1F9C-27DE-45BC-A57A-DC3F1AD21185}.Debug|Any CPU.ActiveCfg = Debug|Any CPU
		{E48F1F9C-27DE-45BC-A57A-DC3F1AD21185}.Debug|Any CPU.Build.0 = Debug|Any CPU
		{E48F1F9C-27DE-45BC-A57A-DC3F1AD21185}.Release|Any CPU.ActiveCfg = Release|Any CPU
		{E48F1F9C-27DE-45BC-A57A-DC3F1AD21185}.Release|Any CPU.Build.0 = Release|Any CPU
		{C0D14609-2CED-42AE-9499-32D9C15B4F23}.Debug|Any CPU.ActiveCfg = Debug|Any CPU
		{C0D14609-2CED-42AE-9499-32D9C15B4F23}.Debug|Any CPU.Build.0 = Debug|Any CPU
		{C0D14609-2CED-42AE-9499-32D9C15B4F23}.Release|Any CPU.ActiveCfg = Release|Any CPU
		{C0D14609-2CED-42AE-9499-32D9C15B4F23}.Release|Any CPU.Build.0 = Release|Any CPU
		{AF2D908A-4B8D-4308-94B9-AB855D52B9FE}.Debug|Any CPU.ActiveCfg = Debug|Any CPU
		{AF2D908A-4B8D-4308-94B9-AB855D52B9FE}.Debug|Any CPU.Build.0 = Debug|Any CPU
		{AF2D908A-4B8D-4308-94B9-AB855D52B9FE}.Release|Any CPU.ActiveCfg = Release|Any CPU
		{AF2D908A-4B8D-4308-94B9-AB855D52B9FE}.Release|Any CPU.Build.0 = Release|Any CPU
		{2AC6DD82-0B29-4010-9391-E43EE3406E93}.Debug|Any CPU.ActiveCfg = Debug|Any CPU
		{2AC6DD82-0B29-4010-9391-E43EE3406E93}.Debug|Any CPU.Build.0 = Debug|Any CPU
		{2AC6DD82-0B29-4010-9391-E43EE3406E93}.Release|Any CPU.ActiveCfg = Release|Any CPU
		{2AC6DD82-0B29-4010-9391-E43EE3406E93}.Release|Any CPU.Build.0 = Release|Any CPU
		{5C836E68-3487-4815-B689-CF49E2DA93B4}.Debug|Any CPU.ActiveCfg = Debug|Any CPU
		{5C836E68-3487-4815-B689-CF49E2DA93B4}.Debug|Any CPU.Build.0 = Debug|Any CPU
		{5C836E68-3487-4815-B689-CF49E2DA93B4}.Release|Any CPU.ActiveCfg = Release|Any CPU
		{5C836E68-3487-4815-B689-CF49E2DA93B4}.Release|Any CPU.Build.0 = Release|Any CPU
	EndGlobalSection
	GlobalSection(SolutionProperties) = preSolution
		HideSolutionNode = FALSE
	EndGlobalSection
	GlobalSection(NestedProjects) = preSolution
		{1BDA1E06-835E-4869-80E5-16FA19C7A003} = {EFCBF0C6-EAAF-4047-880F-AA534C801E60}
		{EB9C9F1C-B5E8-4FCF-A763-6EF5C41C70C1} = {EFCBF0C6-EAAF-4047-880F-AA534C801E60}
		{63D097AD-5DCE-477F-A1CA-8AED590E273B} = {EFCBF0C6-EAAF-4047-880F-AA534C801E60}
		{67A631CA-273D-44C5-BCBA-6EC106EF46A9} = {EFCBF0C6-EAAF-4047-880F-AA534C801E60}
		{3DE90514-E840-4C7A-8F6E-D8D00AAE4701} = {EFCBF0C6-EAAF-4047-880F-AA534C801E60}
		{6ABF9304-EDB0-45C7-9A72-996010C2224E} = {EFCBF0C6-EAAF-4047-880F-AA534C801E60}
		{3CCABA1F-856E-45FD-AD81-62B2FCCE0180} = {C85B9B3B-F57A-4278-9F44-F6AA28DA3B51}
		{210F921E-4476-4ED4-BFE1-7D561CBDCECA} = {C85B9B3B-F57A-4278-9F44-F6AA28DA3B51}
		{447707AF-2501-4163-B1D3-C23CF7FCD3E1} = {C85B9B3B-F57A-4278-9F44-F6AA28DA3B51}
		{B3ECE615-FC58-4412-97C3-2A7D72DD5E86} = {C85B9B3B-F57A-4278-9F44-F6AA28DA3B51}
		{83BC6407-6998-4B38-9E82-C3617A0A4F51} = {C85B9B3B-F57A-4278-9F44-F6AA28DA3B51}
		{08AFAA8F-ECD0-44C4-B773-AEDB398DDD5C} = {C85B9B3B-F57A-4278-9F44-F6AA28DA3B51}
		{BBAD3A29-7D2C-4BA4-9511-EF1251FA89D3} = {C85B9B3B-F57A-4278-9F44-F6AA28DA3B51}
		{761EC384-599A-401A-B7A9-B1A035694F70} = {C85B9B3B-F57A-4278-9F44-F6AA28DA3B51}
		{9AF8DB9A-A67E-409B-9141-0F9EA975C391} = {C85B9B3B-F57A-4278-9F44-F6AA28DA3B51}
		{44CA3035-0CAE-48DB-9399-A3B937D2A0DA} = {C85B9B3B-F57A-4278-9F44-F6AA28DA3B51}
		{6BB1AA21-BBE9-4046-BA69-0FF68ECF1B56} = {C85B9B3B-F57A-4278-9F44-F6AA28DA3B51}
		{1550D133-2057-49EB-8564-1F2DDFBFBCF5} = {C85B9B3B-F57A-4278-9F44-F6AA28DA3B51}
		{A5449E52-201D-4580-A243-BA7697D7E5BD} = {300BBAC0-7EB9-4E2B-814E-3C610E8823ED}
		{211A7904-F7EA-4FDC-81D5-9260DE1DBC99} = {300BBAC0-7EB9-4E2B-814E-3C610E8823ED}
		{4438FF74-A4BE-4133-B9D8-D5BC5ADBBD16} = {300BBAC0-7EB9-4E2B-814E-3C610E8823ED}
		{41D5360E-4D68-4D97-8618-EA7AA49E7C1A} = {300BBAC0-7EB9-4E2B-814E-3C610E8823ED}
		{95A7D9D3-68B5-4A50-89EF-9B266E655AFB} = {300BBAC0-7EB9-4E2B-814E-3C610E8823ED}
		{64A0B85C-1C73-4E87-A3ED-7F76D0DA6F36} = {300BBAC0-7EB9-4E2B-814E-3C610E8823ED}
		{28090B6E-D96A-4111-B7FF-C6A0261B43F5} = {300BBAC0-7EB9-4E2B-814E-3C610E8823ED}
		{9C4E23E8-152B-4BF2-8A97-3915D047DDD7} = {300BBAC0-7EB9-4E2B-814E-3C610E8823ED}
		{E20AC0EC-01C9-4D6E-90F0-43A293635458} = {1561A99A-521A-41DA-B81D-C2DEA7A40C03}
		{BBD13A99-8A8C-4B3F-9E81-636685C986E7} = {1561A99A-521A-41DA-B81D-C2DEA7A40C03}
		{5BDB71D8-5F0E-4D85-9508-41376B3948B5} = {1561A99A-521A-41DA-B81D-C2DEA7A40C03}
		{26345E12-86F8-487D-8B53-DCFA07368401} = {1561A99A-521A-41DA-B81D-C2DEA7A40C03}
		{C25A10EB-05EA-4584-9294-A4708DA3ECD1} = {1561A99A-521A-41DA-B81D-C2DEA7A40C03}
		{C8144F08-52DD-4570-92E5-F08F08D85B49} = {FBDE2CBD-2EE1-4179-9D94-32C9DD6B4775}
		{84172416-8F8F-4E1D-9B90-B7D1E87363CA} = {FBDE2CBD-2EE1-4179-9D94-32C9DD6B4775}
		{C7F68FE1-70AD-4122-AB8D-0E502F4A34F3} = {FBDE2CBD-2EE1-4179-9D94-32C9DD6B4775}
		{99F58E02-D835-477F-82EA-A1E1BEF2300D} = {FBDE2CBD-2EE1-4179-9D94-32C9DD6B4775}
		{A9073D00-7D53-4794-9798-83096AD435E6} = {FBDE2CBD-2EE1-4179-9D94-32C9DD6B4775}
		{B952C568-556F-4AF8-9E04-831B97389302} = {2EEA9804-0A7D-4372-B0BE-0BAA997CE913}
		{A882E5EC-9CDB-46BC-9376-DC55DEDCC821} = {2EEA9804-0A7D-4372-B0BE-0BAA997CE913}
		{8C84FEFD-0090-4548-9B9E-58B07BF2EAEB} = {2EEA9804-0A7D-4372-B0BE-0BAA997CE913}
		{7257843C-2AF6-40F8-A3D7-6AEAC77F3D93} = {2EEA9804-0A7D-4372-B0BE-0BAA997CE913}
		{85ADD151-4903-4ADB-9168-3066F9D04B82} = {2EEA9804-0A7D-4372-B0BE-0BAA997CE913}
		{94736593-E142-4955-8B04-6BB05A64D2B9} = {2EEA9804-0A7D-4372-B0BE-0BAA997CE913}
		{1F2C1228-BEE1-4587-B0C9-2FA987D30706} = {2EEA9804-0A7D-4372-B0BE-0BAA997CE913}
		{FB7AE445-AD49-4A26-8521-1C9FF4FB5824} = {2EEA9804-0A7D-4372-B0BE-0BAA997CE913}
		{505E7C78-4244-494E-A984-DF247899ED89} = {2EEA9804-0A7D-4372-B0BE-0BAA997CE913}
		{D3CECB42-494E-4AC8-BB1B-C5498F902D6A} = {2EEA9804-0A7D-4372-B0BE-0BAA997CE913}
		{1E37C7FA-B144-48D0-88CC-4415442FA743} = {2EEA9804-0A7D-4372-B0BE-0BAA997CE913}
		{9AAC911A-1912-4361-B814-3494ED8006AD} = {2EEA9804-0A7D-4372-B0BE-0BAA997CE913}
		{B18ADD8B-5860-4F92-A5C6-39C8354F6118} = {2EEA9804-0A7D-4372-B0BE-0BAA997CE913}
		{FCC534C9-B504-4164-8306-EE363F8AF957} = {1BBEDE4B-1ED4-4686-BBCF-5C11DCC93212}
		{D15B9EF7-DAC2-4993-84DD-FAF1ECEFF09B} = {1BBEDE4B-1ED4-4686-BBCF-5C11DCC93212}
		{E48F1F9C-27DE-45BC-A57A-DC3F1AD21185} = {1BBEDE4B-1ED4-4686-BBCF-5C11DCC93212}
		{C0D14609-2CED-42AE-9499-32D9C15B4F23} = {1BBEDE4B-1ED4-4686-BBCF-5C11DCC93212}
		{AF2D908A-4B8D-4308-94B9-AB855D52B9FE} = {1BBEDE4B-1ED4-4686-BBCF-5C11DCC93212}
		{2AC6DD82-0B29-4010-9391-E43EE3406E93} = {1BBEDE4B-1ED4-4686-BBCF-5C11DCC93212}
		{5C836E68-3487-4815-B689-CF49E2DA93B4} = {1BBEDE4B-1ED4-4686-BBCF-5C11DCC93212}
	EndGlobalSection
	GlobalSection(ExtensibilityGlobals) = postSolution
		SolutionGuid = {1740180C-8271-449C-A2BB-8ABD606BD13C}
	EndGlobalSection
EndGlobal
